
Microsoft Visual Studio Solution File, Format Version 12.00
# Visual Studio Version 16
VisualStudioVersion = 16.0.31515.178
MinimumVisualStudioVersion = 10.0.40219.1
Project("{FAE04EC0-301F-11D3-BF4B-00C04F79EFBC}") = "ISPlaning", "ISPlaning\ISPlaning.csproj", "{21DDAD81-24C4-4531-9766-95097EFF4B20}"
EndProject
Global
	GlobalSection(SolutionConfigurationPlatforms) = preSolution
		Debug|Any CPU = Debug|Any CPU
		Release|Any CPU = Release|Any CPU
	EndGlobalSection
	GlobalSection(ProjectConfigurationPlatforms) = postSolution
		{21DDAD81-24C4-4531-9766-95097EFF4B20}.Debug|Any CPU.ActiveCfg = Debug|Any CPU
		{21DDAD81-24C4-4531-9766-95097EFF4B20}.Debug|Any CPU.Build.0 = Debug|Any CPU
		{21DDAD81-24C4-4531-9766-95097EFF4B20}.Release|Any CPU.ActiveCfg = Release|Any CPU
		{21DDAD81-24C4-4531-9766-95097EFF4B20}.Release|Any CPU.Build.0 = Release|Any CPU
	EndGlobalSection
	GlobalSection(SolutionProperties) = preSolution
		HideSolutionNode = FALSE
	EndGlobalSection
	GlobalSection(ExtensibilityGlobals) = postSolution
		SolutionGuid = {6BD3C14C-F4E4-4299-95E3-79060EA19A58}
	EndGlobalSection
EndGlobal
